
Microsoft Visual Studio Solution File, Format Version 12.00
# Visual Studio 15
VisualStudioVersion = 15.0.27428.2043
MinimumVisualStudioVersion = 10.0.40219.1
Project("{FAE04EC0-301F-11D3-BF4B-00C04F79EFBC}") = "pruebamvcgit", "pruebamvcgit\pruebamvcgit.csproj", "{C5F28039-5F24-401A-8B8B-E0EA9B63B560}"
EndProject
Global
	GlobalSection(SolutionConfigurationPlatforms) = preSolution
		Debug|Any CPU = Debug|Any CPU
		Release|Any CPU = Release|Any CPU
	EndGlobalSection
	GlobalSection(ProjectConfigurationPlatforms) = postSolution
		{C5F28039-5F24-401A-8B8B-E0EA9B63B560}.Debug|Any CPU.ActiveCfg = Debug|Any CPU
		{C5F28039-5F24-401A-8B8B-E0EA9B63B560}.Debug|Any CPU.Build.0 = Debug|Any CPU
		{C5F28039-5F24-401A-8B8B-E0EA9B63B560}.Release|Any CPU.ActiveCfg = Release|Any CPU
		{C5F28039-5F24-401A-8B8B-E0EA9B63B560}.Release|Any CPU.Build.0 = Release|Any CPU
	EndGlobalSection
	GlobalSection(SolutionProperties) = preSolution
		HideSolutionNode = FALSE
	EndGlobalSection
	GlobalSection(ExtensibilityGlobals) = postSolution
		SolutionGuid = {65E1850B-AE35-4F3B-9432-298639CBE159}
	EndGlobalSection
EndGlobal
